<?xml version="1.0" encoding="utf-8"?>
<Project ToolsVersion="4.0" xmlns="http://schemas.microsoft.com/developer/msbuild/2003">
  <ItemGroup>
    <Filter Include="Source Files">
      <UniqueIdentifier>{4FC737F1-C7A5-4376-A066-2A32D752A2FF}</UniqueIdentifier>
      <Extensions>cpp;c;cc;cxx;c++;cppm;ixx;def;odl;idl;hpj;bat;asm;asmx</Extensions>
    </Filter>
    <Filter Include="Header Files">
      <UniqueIdentifier>{93995380-89BD-4b04-88EB-625FBE52EBFB}</UniqueIdentifier>
      <Extensions>h;hh;hpp;hxx;h++;hm;inl;inc;ipp;xsd</Extensions>
    </Filter>
    <Filter Include="Resource Files">
      <UniqueIdentifier>{67DA6AB6-F800-4c08-8B7A-83BB121AAD01}</UniqueIdentifier>
      <Extensions>rc;ico;cur;bmp;dlg;rc2;rct;bin;rgs;gif;jpg;jpeg;jpe;resx;tiff;tif;png;wav;mfcribbon-ms</Extensions>
    </Filter>
    <Filter Include="02. Tree">
      <UniqueIdentifier>{f94fe456-d367-4fc4-94aa-4815aa029379}</UniqueIdentifier>
    </Filter>
    <Filter Include="01. List">
      <UniqueIdentifier>{4a860843-faa7-4c23-85cf-024f104e0428}</UniqueIdentifier>
    </Filter>
    <Filter Include="01. List\00.Node">
      <UniqueIdentifier>{610ec11b-c320-4935-b60e-c53ef28a4c0d}</UniqueIdentifier>
    </Filter>
    <Filter Include="01. List\01.SingleList">
      <UniqueIdentifier>{82e01844-eaf9-4cfe-8d25-81597e8d8a7d}</UniqueIdentifier>
    </Filter>
    <Filter Include="01. List\02.DoubleList">
      <UniqueIdentifier>{ff372e2e-8839-49bf-893f-36d5653dda44}</UniqueIdentifier>
    </Filter>
    <Filter Include="02. Tree\01. LinkBinaryTree">
      <UniqueIdentifier>{f83f1d9c-6147-4213-bd5b-06bf2ab368f5}</UniqueIdentifier>
    </Filter>
    <Filter Include="02. Tree\01. LinkBinaryTree\01. Node">
      <UniqueIdentifier>{5c1f6b1b-8fdd-4413-b1c7-233785a17daf}</UniqueIdentifier>
    </Filter>
    <Filter Include="02. Tree\02. ThreadBinaryTree">
      <UniqueIdentifier>{b496c373-f60d-4ff9-be94-3cb14fdcc2a8}</UniqueIdentifier>
    </Filter>
    <Filter Include="02. Tree\03, BinarySearchTree">
      <UniqueIdentifier>{ba660551-876e-4f69-a8c2-5c47a747dd72}</UniqueIdentifier>
    </Filter>
  </ItemGroup>
  <ItemGroup>
    <ClCompile Include="Node.cpp">
      <Filter>01. List\00.Node</Filter>
    </ClCompile>
    <ClCompile Include="main.cpp">
      <Filter>Source Files</Filter>
    </ClCompile>
    <ClCompile Include="DoubleNode.cpp">
      <Filter>01. List\00.Node</Filter>
    </ClCompile>
    <ClCompile Include="LinkedList.cpp">
      <Filter>01. List\01.SingleList</Filter>
    </ClCompile>
    <ClCompile Include="DblLinkedList.cpp">
      <Filter>01. List\02.DoubleList</Filter>
    </ClCompile>
    <ClCompile Include="BinaryNode.cpp">
      <Filter>02. Tree\01. LinkBinaryTree\01. Node</Filter>
    </ClCompile>
    <ClCompile Include="LinkBinaryTree.cpp">
      <Filter>02. Tree\01. LinkBinaryTree</Filter>
    </ClCompile>
    <ClCompile Include="ThreadBinaryNode.cpp">
      <Filter>02. Tree\02. ThreadBinaryTree</Filter>
    </ClCompile>
    <ClCompile Include="ThreadBinaryTree.cpp">
      <Filter>02. Tree\02. ThreadBinaryTree</Filter>
    </ClCompile>
    <ClCompile Include="BinSrchTree.cpp">
      <Filter>02. Tree\03, BinarySearchTree</Filter>
    </ClCompile>
  </ItemGroup>
  <ItemGroup>
    <ClInclude Include="Node.h">
      <Filter>01. List\00.Node</Filter>
    </ClInclude>
    <ClInclude Include="DoubleNode.h">
      <Filter>01. List\00.Node</Filter>
    </ClInclude>
    <ClInclude Include="LinkedList.h">
      <Filter>01. List\01.SingleList</Filter>
    </ClInclude>
    <ClInclude Include="DblLinkedList.h">
      <Filter>01. List\02.DoubleList</Filter>
    </ClInclude>
    <ClInclude Include="BinaryNode.h">
      <Filter>02. Tree\01. LinkBinaryTree\01. Node</Filter>
    </ClInclude>
    <ClInclude Include="LinkBinaryTree.h">
      <Filter>02. Tree\01. LinkBinaryTree</Filter>
    </ClInclude>
    <ClInclude Include="ThreadBinaryNode.h">
      <Filter>02. Tree\02. ThreadBinaryTree</Filter>
    </ClInclude>
    <ClInclude Include="ThreadBinaryTree.h">
      <Filter>02. Tree\02. ThreadBinaryTree</Filter>
    </ClInclude>
    <ClInclude Include="BinSrchTree.h">
      <Filter>02. Tree\03, BinarySearchTree</Filter>
    </ClInclude>
  </ItemGroup>
</Project>