<?xml version="1.0" encoding="utf-8"?>
<Project ToolsVersion="4.0" xmlns="http://schemas.microsoft.com/developer/msbuild/2003">
  <ItemGroup>
    <Filter Include="Source Files">
      <UniqueIdentifier>{4FC737F1-C7A5-4376-A066-2A32D752A2FF}</UniqueIdentifier>
      <Extensions>cpp;c;cc;cxx;c++;cppm;ixx;def;odl;idl;hpj;bat;asm;asmx</Extensions>
    </Filter>
    <Filter Include="Header Files">
      <UniqueIdentifier>{93995380-89BD-4b04-88EB-625FBE52EBFB}</UniqueIdentifier>
      <Extensions>h;hh;hpp;hxx;h++;hm;inl;inc;ipp;xsd</Extensions>
    </Filter>
    <Filter Include="Resource Files">
      <UniqueIdentifier>{67DA6AB6-F800-4c08-8B7A-83BB121AAD01}</UniqueIdentifier>
      <Extensions>rc;ico;cur;bmp;dlg;rc2;rct;bin;rgs;gif;jpg;jpeg;jpe;resx;tiff;tif;png;wav;mfcribbon-ms</Extensions>
    </Filter>
    <Filter Include="Source Files\Maze">
      <UniqueIdentifier>{3e50e22a-8ac6-44f8-aded-00451560ef4f}</UniqueIdentifier>
    </Filter>
    <Filter Include="Source Files\Maze\Stack">
      <UniqueIdentifier>{43f1ee1a-4941-43a5-b0fd-61791518272e}</UniqueIdentifier>
    </Filter>
    <Filter Include="Source Files\Maze\Queue">
      <UniqueIdentifier>{a5244259-e1db-4203-8227-96d3fe883550}</UniqueIdentifier>
    </Filter>
  </ItemGroup>
  <ItemGroup>
    <ClCompile Include="main.cpp">
      <Filter>Source Files</Filter>
    </ClCompile>
    <ClCompile Include="Maze.cpp">
      <Filter>Source Files\Maze</Filter>
    </ClCompile>
    <ClCompile Include="mazeMain.cpp">
      <Filter>Source Files\Maze</Filter>
    </ClCompile>
    <ClCompile Include="LocationNode.cpp">
      <Filter>Source Files\Maze</Filter>
    </ClCompile>
    <ClCompile Include="LocationStack.cpp">
      <Filter>Source Files\Maze\Stack</Filter>
    </ClCompile>
    <ClCompile Include="LocationQueue.cpp">
      <Filter>Source Files\Maze\Queue</Filter>
    </ClCompile>
  </ItemGroup>
  <ItemGroup>
    <ClInclude Include="Student.h">
      <Filter>Header Files</Filter>
    </ClInclude>
    <ClInclude Include="Node.h">
      <Filter>Header Files</Filter>
    </ClInclude>
    <ClInclude Include="LinkedStack.h">
      <Filter>Header Files</Filter>
    </ClInclude>
    <ClInclude Include="LinkedQueue.h">
      <Filter>Header Files</Filter>
    </ClInclude>
    <ClInclude Include="Maze.h">
      <Filter>Source Files\Maze</Filter>
    </ClInclude>
    <ClInclude Include="Location2D.h">
      <Filter>Source Files\Maze</Filter>
    </ClInclude>
    <ClInclude Include="LocationNode.h">
      <Filter>Source Files\Maze</Filter>
    </ClInclude>
    <ClInclude Include="LocationStack.h">
      <Filter>Source Files\Maze\Stack</Filter>
    </ClInclude>
    <ClInclude Include="LocationQueue.h">
      <Filter>Source Files\Maze\Queue</Filter>
    </ClInclude>
    <ClInclude Include="define.h">
      <Filter>Header Files</Filter>
    </ClInclude>
  </ItemGroup>
</Project>